
Microsoft Visual Studio Solution File, Format Version 12.00
# Visual Studio Version 17
VisualStudioVersion = 17.4.33027.239
MinimumVisualStudioVersion = 10.0.40219.1
Project("{2150E333-8FDC-42A3-9474-1A3956D46DE8}") = "src", "src", "{932D8224-11F6-4D07-B109-DA28AD288A63}"
EndProject
Project("{2150E333-8FDC-42A3-9474-1A3956D46DE8}") = "Solution Items", "Solution Items", "{3AF739CD-81D8-428D-A08A-0A58372DEBF6}"
	ProjectSection(SolutionItems) = preProject
		.editorconfig = .editorconfig
		.env = .env
		Directory.Packages.props = Directory.Packages.props
		NuGet.config = NuGet.config
	EndProjectSection
EndProject
Project("{2150E333-8FDC-42A3-9474-1A3956D46DE8}") = "Services", "Services", "{91CF7717-08AB-4E65-B10E-0B426F01E2E8}"
EndProject
Project("{2150E333-8FDC-42A3-9474-1A3956D46DE8}") = "Web Apps", "Web Apps", "{E279BF0F-7F66-4F3A-A3AB-2CDA66C1CD04}"
EndProject
Project("{2150E333-8FDC-42A3-9474-1A3956D46DE8}") = "Catalog", "Catalog", "{326A7FB3-5295-468C-A4FE-67DCB823E1E5}"
EndProject
Project("{2150E333-8FDC-42A3-9474-1A3956D46DE8}") = "Basket", "Basket", "{BF3EF4F3-E4F5-41DA-9D2D-57223687D1A8}"
EndProject
Project("{2150E333-8FDC-42A3-9474-1A3956D46DE8}") = "Identity", "Identity", "{24CD3B53-141E-4A07-9B0D-796641E1CF78}"
EndProject
Project("{9A19103F-16F7-4668-BE54-9A1E7A4F7556}") = "Basket.API", "Services\Basket\Basket.API\Basket.API.csproj", "{2110CBB0-3B38-4EE4-A743-DF6968D80D90}"
EndProject
Project("{9A19103F-16F7-4668-BE54-9A1E7A4F7556}") = "Catalog.API", "Services\Catalog\Catalog.API\Catalog.API.csproj", "{42681D9D-750A-4DF7-BD9F-9292CFD5C253}"
EndProject
Project("{9A19103F-16F7-4668-BE54-9A1E7A4F7556}") = "WebMVC", "Web\WebMVC\WebMVC.csproj", "{F0333D8E-0B27-42B7-B2C6-78F3657624E2}"
EndProject
Project("{9A19103F-16F7-4668-BE54-9A1E7A4F7556}") = "Identity.API", "Services\Identity\Identity.API\Identity.API.csproj", "{A579E108-5445-403D-A407-339AC4D1611B}"
EndProject
Project("{2150E333-8FDC-42A3-9474-1A3956D46DE8}") = "BuildingBlocks", "BuildingBlocks", "{DB0EFB20-B024-4E5E-A75C-52143C131D25}"
EndProject
Project("{2150E333-8FDC-42A3-9474-1A3956D46DE8}") = "WebHost", "WebHost", "{1815B651-941C-466B-AE33-D1D7EEB8F77F}"
EndProject
Project("{9A19103F-16F7-4668-BE54-9A1E7A4F7556}") = "WebHost.Customization", "BuildingBlocks\WebHostCustomization\WebHost.Customization\WebHost.Customization.csproj", "{15F4B3AA-89B6-4A0D-9051-414305974781}"
EndProject
Project("{2150E333-8FDC-42A3-9474-1A3956D46DE8}") = "ApiGateways", "ApiGateways", "{77849D35-37D4-4802-81DC-9477B2775A40}"
EndProject
Project("{2150E333-8FDC-42A3-9474-1A3956D46DE8}") = "Web.Bff.Shopping", "Web.Bff.Shopping", "{28C0F5C8-4849-4035-80AB-45639424E73F}"
EndProject
Project("{9A19103F-16F7-4668-BE54-9A1E7A4F7556}") = "Web.Shopping.HttpAggregator", "ApiGateways\Web.Bff.Shopping\aggregator\Web.Shopping.HttpAggregator.csproj", "{AF0828DB-8BDD-411A-AEEF-B780FBB8D8C1}"
EndProject
Project("{9A19103F-16F7-4668-BE54-9A1E7A4F7556}") = "Basket.UnitTests", "Services\Basket\Basket.UnitTests\Basket.UnitTests.csproj", "{9D9CE4E4-1DD0-4961-861F-219731DE06CE}"
EndProject
Project("{9A19103F-16F7-4668-BE54-9A1E7A4F7556}") = "Basket.FunctionalTests", "Services\Basket\Basket.FunctionalTests\Basket.FunctionalTests.csproj", "{3F6202D0-2842-4C2F-98E1-9462709EAFBE}"
EndProject
Project("{2150E333-8FDC-42A3-9474-1A3956D46DE8}") = "tests", "tests", "{2751AC5C-D148-4D7A-AE8F-149B47C9A82D}"
EndProject
Project("{9A19103F-16F7-4668-BE54-9A1E7A4F7556}") = "Services.Common", "Services\Services.Common\Services.Common.csproj", "{CD430CE4-D5E0-4C96-84F5-AEC9162651B5}"
EndProject
Project("{2150E333-8FDC-42A3-9474-1A3956D46DE8}") = "Common", "Common", "{42B85D0F-2ED6-4C00-91FA-103DACC3D5E2}"
EndProject
Project("{E53339B2-1760-4266-BCC7-CA923CBCF16C}") = "docker-compose", "docker-compose.dcproj", "{FEA0C318-FFED-4D39-8781-265718CA43DD}"
EndProject
Global
	GlobalSection(SolutionConfigurationPlatforms) = preSolution
		Ad-Hoc|Any CPU = Ad-Hoc|Any CPU
		Ad-Hoc|ARM = Ad-Hoc|ARM
		Ad-Hoc|iPhone = Ad-Hoc|iPhone
		Ad-Hoc|iPhoneSimulator = Ad-Hoc|iPhoneSimulator
		Ad-Hoc|x64 = Ad-Hoc|x64
		Ad-Hoc|x86 = Ad-Hoc|x86
		AppStore|Any CPU = AppStore|Any CPU
		AppStore|ARM = AppStore|ARM
		AppStore|iPhone = AppStore|iPhone
		AppStore|iPhoneSimulator = AppStore|iPhoneSimulator
		AppStore|x64 = AppStore|x64
		AppStore|x86 = AppStore|x86
		Debug|Any CPU = Debug|Any CPU
		Debug|ARM = Debug|ARM
		Debug|iPhone = Debug|iPhone
		Debug|iPhoneSimulator = Debug|iPhoneSimulator
		Debug|x64 = Debug|x64
		Debug|x86 = Debug|x86
		Release|Any CPU = Release|Any CPU
		Release|ARM = Release|ARM
		Release|iPhone = Release|iPhone
		Release|iPhoneSimulator = Release|iPhoneSimulator
		Release|x64 = Release|x64
		Release|x86 = Release|x86
	EndGlobalSection
	GlobalSection(ProjectConfigurationPlatforms) = postSolution
		{2110CBB0-3B38-4EE4-A743-DF6968D80D90}.Ad-Hoc|Any CPU.ActiveCfg = Release|Any CPU
		{2110CBB0-3B38-4EE4-A743-DF6968D80D90}.Ad-Hoc|ARM.ActiveCfg = Release|Any CPU
		{2110CBB0-3B38-4EE4-A743-DF6968D80D90}.Ad-Hoc|iPhone.ActiveCfg = Release|Any CPU
		{2110CBB0-3B38-4EE4-A743-DF6968D80D90}.Ad-Hoc|iPhoneSimulator.ActiveCfg = Release|Any CPU
		{2110CBB0-3B38-4EE4-A743-DF6968D80D90}.Ad-Hoc|x64.ActiveCfg = Release|Any CPU
		{2110CBB0-3B38-4EE4-A743-DF6968D80D90}.Ad-Hoc|x86.ActiveCfg = Release|Any CPU
		{2110CBB0-3B38-4EE4-A743-DF6968D80D90}.AppStore|Any CPU.ActiveCfg = Release|Any CPU
		{2110CBB0-3B38-4EE4-A743-DF6968D80D90}.AppStore|ARM.ActiveCfg = Release|Any CPU
		{2110CBB0-3B38-4EE4-A743-DF6968D80D90}.AppStore|iPhone.ActiveCfg = Release|Any CPU
		{2110CBB0-3B38-4EE4-A743-DF6968D80D90}.AppStore|iPhoneSimulator.ActiveCfg = Release|Any CPU
		{2110CBB0-3B38-4EE4-A743-DF6968D80D90}.AppStore|x64.ActiveCfg = Release|Any CPU
		{2110CBB0-3B38-4EE4-A743-DF6968D80D90}.AppStore|x86.ActiveCfg = Release|Any CPU
		{2110CBB0-3B38-4EE4-A743-DF6968D80D90}.Debug|Any CPU.ActiveCfg = Debug|Any CPU
		{2110CBB0-3B38-4EE4-A743-DF6968D80D90}.Debug|Any CPU.Build.0 = Debug|Any CPU
		{2110CBB0-3B38-4EE4-A743-DF6968D80D90}.Debug|ARM.ActiveCfg = Debug|Any CPU
		{2110CBB0-3B38-4EE4-A743-DF6968D80D90}.Debug|iPhone.ActiveCfg = Debug|Any CPU
		{2110CBB0-3B38-4EE4-A743-DF6968D80D90}.Debug|iPhoneSimulator.ActiveCfg = Debug|Any CPU
		{2110CBB0-3B38-4EE4-A743-DF6968D80D90}.Debug|x64.ActiveCfg = Debug|Any CPU
		{2110CBB0-3B38-4EE4-A743-DF6968D80D90}.Debug|x86.ActiveCfg = Debug|Any CPU
		{2110CBB0-3B38-4EE4-A743-DF6968D80D90}.Release|Any CPU.ActiveCfg = Release|Any CPU
		{2110CBB0-3B38-4EE4-A743-DF6968D80D90}.Release|Any CPU.Build.0 = Release|Any CPU
		{2110CBB0-3B38-4EE4-A743-DF6968D80D90}.Release|ARM.ActiveCfg = Release|Any CPU
		{2110CBB0-3B38-4EE4-A743-DF6968D80D90}.Release|iPhone.ActiveCfg = Release|Any CPU
		{2110CBB0-3B38-4EE4-A743-DF6968D80D90}.Release|iPhoneSimulator.ActiveCfg = Release|Any CPU
		{2110CBB0-3B38-4EE4-A743-DF6968D80D90}.Release|x64.ActiveCfg = Release|Any CPU
		{2110CBB0-3B38-4EE4-A743-DF6968D80D90}.Release|x86.ActiveCfg = Release|Any CPU
		{42681D9D-750A-4DF7-BD9F-9292CFD5C253}.Ad-Hoc|Any CPU.ActiveCfg = Release|Any CPU
		{42681D9D-750A-4DF7-BD9F-9292CFD5C253}.Ad-Hoc|ARM.ActiveCfg = Release|Any CPU
		{42681D9D-750A-4DF7-BD9F-9292CFD5C253}.Ad-Hoc|iPhone.ActiveCfg = Release|Any CPU
		{42681D9D-750A-4DF7-BD9F-9292CFD5C253}.Ad-Hoc|iPhoneSimulator.ActiveCfg = Release|Any CPU
		{42681D9D-750A-4DF7-BD9F-9292CFD5C253}.Ad-Hoc|x64.ActiveCfg = Release|Any CPU
		{42681D9D-750A-4DF7-BD9F-9292CFD5C253}.Ad-Hoc|x86.ActiveCfg = Release|Any CPU
		{42681D9D-750A-4DF7-BD9F-9292CFD5C253}.AppStore|Any CPU.ActiveCfg = Release|Any CPU
		{42681D9D-750A-4DF7-BD9F-9292CFD5C253}.AppStore|ARM.ActiveCfg = Release|Any CPU
		{42681D9D-750A-4DF7-BD9F-9292CFD5C253}.AppStore|iPhone.ActiveCfg = Release|Any CPU
		{42681D9D-750A-4DF7-BD9F-9292CFD5C253}.AppStore|iPhoneSimulator.ActiveCfg = Release|Any CPU
		{42681D9D-750A-4DF7-BD9F-9292CFD5C253}.AppStore|x64.ActiveCfg = Release|Any CPU
		{42681D9D-750A-4DF7-BD9F-9292CFD5C253}.AppStore|x86.ActiveCfg = Release|Any CPU
		{42681D9D-750A-4DF7-BD9F-9292CFD5C253}.Debug|Any CPU.ActiveCfg = Debug|Any CPU
		{42681D9D-750A-4DF7-BD9F-9292CFD5C253}.Debug|Any CPU.Build.0 = Debug|Any CPU
		{42681D9D-750A-4DF7-BD9F-9292CFD5C253}.Debug|ARM.ActiveCfg = Debug|Any CPU
		{42681D9D-750A-4DF7-BD9F-9292CFD5C253}.Debug|iPhone.ActiveCfg = Debug|Any CPU
		{42681D9D-750A-4DF7-BD9F-9292CFD5C253}.Debug|iPhoneSimulator.ActiveCfg = Debug|Any CPU
		{42681D9D-750A-4DF7-BD9F-9292CFD5C253}.Debug|x64.ActiveCfg = Debug|Any CPU
		{42681D9D-750A-4DF7-BD9F-9292CFD5C253}.Debug|x86.ActiveCfg = Debug|Any CPU
		{42681D9D-750A-4DF7-BD9F-9292CFD5C253}.Release|Any CPU.ActiveCfg = Release|Any CPU
		{42681D9D-750A-4DF7-BD9F-9292CFD5C253}.Release|Any CPU.Build.0 = Release|Any CPU
		{42681D9D-750A-4DF7-BD9F-9292CFD5C253}.Release|ARM.ActiveCfg = Release|Any CPU
		{42681D9D-750A-4DF7-BD9F-9292CFD5C253}.Release|iPhone.ActiveCfg = Release|Any CPU
		{42681D9D-750A-4DF7-BD9F-9292CFD5C253}.Release|iPhoneSimulator.ActiveCfg = Release|Any CPU
		{42681D9D-750A-4DF7-BD9F-9292CFD5C253}.Release|x64.ActiveCfg = Release|Any CPU
		{42681D9D-750A-4DF7-BD9F-9292CFD5C253}.Release|x86.ActiveCfg = Release|Any CPU
		{F0333D8E-0B27-42B7-B2C6-78F3657624E2}.Ad-Hoc|Any CPU.ActiveCfg = Release|Any CPU
		{F0333D8E-0B27-42B7-B2C6-78F3657624E2}.Ad-Hoc|ARM.ActiveCfg = Release|Any CPU
		{F0333D8E-0B27-42B7-B2C6-78F3657624E2}.Ad-Hoc|iPhone.ActiveCfg = Release|Any CPU
		{F0333D8E-0B27-42B7-B2C6-78F3657624E2}.Ad-Hoc|iPhoneSimulator.ActiveCfg = Release|Any CPU
		{F0333D8E-0B27-42B7-B2C6-78F3657624E2}.Ad-Hoc|x64.ActiveCfg = Release|Any CPU
		{F0333D8E-0B27-42B7-B2C6-78F3657624E2}.Ad-Hoc|x86.ActiveCfg = Release|Any CPU
		{F0333D8E-0B27-42B7-B2C6-78F3657624E2}.AppStore|Any CPU.ActiveCfg = Release|Any CPU
		{F0333D8E-0B27-42B7-B2C6-78F3657624E2}.AppStore|ARM.ActiveCfg = Release|Any CPU
		{F0333D8E-0B27-42B7-B2C6-78F3657624E2}.AppStore|iPhone.ActiveCfg = Release|Any CPU
		{F0333D8E-0B27-42B7-B2C6-78F3657624E2}.AppStore|iPhoneSimulator.ActiveCfg = Release|Any CPU
		{F0333D8E-0B27-42B7-B2C6-78F3657624E2}.AppStore|x64.ActiveCfg = Release|Any CPU
		{F0333D8E-0B27-42B7-B2C6-78F3657624E2}.AppStore|x86.ActiveCfg = Release|Any CPU
		{F0333D8E-0B27-42B7-B2C6-78F3657624E2}.Debug|Any CPU.ActiveCfg = Debug|Any CPU
		{F0333D8E-0B27-42B7-B2C6-78F3657624E2}.Debug|Any CPU.Build.0 = Debug|Any CPU
		{F0333D8E-0B27-42B7-B2C6-78F3657624E2}.Debug|ARM.ActiveCfg = Debug|Any CPU
		{F0333D8E-0B27-42B7-B2C6-78F3657624E2}.Debug|iPhone.ActiveCfg = Debug|Any CPU
		{F0333D8E-0B27-42B7-B2C6-78F3657624E2}.Debug|iPhoneSimulator.ActiveCfg = Debug|Any CPU
		{F0333D8E-0B27-42B7-B2C6-78F3657624E2}.Debug|x64.ActiveCfg = Debug|Any CPU
		{F0333D8E-0B27-42B7-B2C6-78F3657624E2}.Debug|x86.ActiveCfg = Debug|Any CPU
		{F0333D8E-0B27-42B7-B2C6-78F3657624E2}.Release|Any CPU.ActiveCfg = Release|Any CPU
		{F0333D8E-0B27-42B7-B2C6-78F3657624E2}.Release|Any CPU.Build.0 = Release|Any CPU
		{F0333D8E-0B27-42B7-B2C6-78F3657624E2}.Release|ARM.ActiveCfg = Release|Any CPU
		{F0333D8E-0B27-42B7-B2C6-78F3657624E2}.Release|iPhone.ActiveCfg = Release|Any CPU
		{F0333D8E-0B27-42B7-B2C6-78F3657624E2}.Release|iPhoneSimulator.ActiveCfg = Release|Any CPU
		{F0333D8E-0B27-42B7-B2C6-78F3657624E2}.Release|x64.ActiveCfg = Release|Any CPU
		{F0333D8E-0B27-42B7-B2C6-78F3657624E2}.Release|x86.ActiveCfg = Release|Any CPU
		{A579E108-5445-403D-A407-339AC4D1611B}.Ad-Hoc|Any CPU.ActiveCfg = Debug|Any CPU
		{A579E108-5445-403D-A407-339AC4D1611B}.Ad-Hoc|Any CPU.Build.0 = Debug|Any CPU
		{A579E108-5445-403D-A407-339AC4D1611B}.Ad-Hoc|ARM.ActiveCfg = Debug|Any CPU
		{A579E108-5445-403D-A407-339AC4D1611B}.Ad-Hoc|ARM.Build.0 = Debug|Any CPU
		{A579E108-5445-403D-A407-339AC4D1611B}.Ad-Hoc|iPhone.ActiveCfg = Debug|Any CPU
		{A579E108-5445-403D-A407-339AC4D1611B}.Ad-Hoc|iPhone.Build.0 = Debug|Any CPU
		{A579E108-5445-403D-A407-339AC4D1611B}.Ad-Hoc|iPhoneSimulator.ActiveCfg = Debug|Any CPU
		{A579E108-5445-403D-A407-339AC4D1611B}.Ad-Hoc|iPhoneSimulator.Build.0 = Debug|Any CPU
		{A579E108-5445-403D-A407-339AC4D1611B}.Ad-Hoc|x64.ActiveCfg = Debug|Any CPU
		{A579E108-5445-403D-A407-339AC4D1611B}.Ad-Hoc|x64.Build.0 = Debug|Any CPU
		{A579E108-5445-403D-A407-339AC4D1611B}.Ad-Hoc|x86.ActiveCfg = Debug|Any CPU
		{A579E108-5445-403D-A407-339AC4D1611B}.Ad-Hoc|x86.Build.0 = Debug|Any CPU
		{A579E108-5445-403D-A407-339AC4D1611B}.AppStore|Any CPU.ActiveCfg = Debug|Any CPU
		{A579E108-5445-403D-A407-339AC4D1611B}.AppStore|Any CPU.Build.0 = Debug|Any CPU
		{A579E108-5445-403D-A407-339AC4D1611B}.AppStore|ARM.ActiveCfg = Debug|Any CPU
		{A579E108-5445-403D-A407-339AC4D1611B}.AppStore|ARM.Build.0 = Debug|Any CPU
		{A579E108-5445-403D-A407-339AC4D1611B}.AppStore|iPhone.ActiveCfg = Debug|Any CPU
		{A579E108-5445-403D-A407-339AC4D1611B}.AppStore|iPhone.Build.0 = Debug|Any CPU
		{A579E108-5445-403D-A407-339AC4D1611B}.AppStore|iPhoneSimulator.ActiveCfg = Debug|Any CPU
		{A579E108-5445-403D-A407-339AC4D1611B}.AppStore|iPhoneSimulator.Build.0 = Debug|Any CPU
		{A579E108-5445-403D-A407-339AC4D1611B}.AppStore|x64.ActiveCfg = Debug|Any CPU
		{A579E108-5445-403D-A407-339AC4D1611B}.AppStore|x64.Build.0 = Debug|Any CPU
		{A579E108-5445-403D-A407-339AC4D1611B}.AppStore|x86.ActiveCfg = Debug|Any CPU
		{A579E108-5445-403D-A407-339AC4D1611B}.AppStore|x86.Build.0 = Debug|Any CPU
		{A579E108-5445-403D-A407-339AC4D1611B}.Debug|Any CPU.ActiveCfg = Debug|Any CPU
		{A579E108-5445-403D-A407-339AC4D1611B}.Debug|Any CPU.Build.0 = Debug|Any CPU
		{A579E108-5445-403D-A407-339AC4D1611B}.Debug|ARM.ActiveCfg = Debug|Any CPU
		{A579E108-5445-403D-A407-339AC4D1611B}.Debug|ARM.Build.0 = Debug|Any CPU
		{A579E108-5445-403D-A407-339AC4D1611B}.Debug|iPhone.ActiveCfg = Debug|Any CPU
		{A579E108-5445-403D-A407-339AC4D1611B}.Debug|iPhone.Build.0 = Debug|Any CPU
		{A579E108-5445-403D-A407-339AC4D1611B}.Debug|iPhoneSimulator.ActiveCfg = Debug|Any CPU
		{A579E108-5445-403D-A407-339AC4D1611B}.Debug|iPhoneSimulator.Build.0 = Debug|Any CPU
		{A579E108-5445-403D-A407-339AC4D1611B}.Debug|x64.ActiveCfg = Debug|Any CPU
		{A579E108-5445-403D-A407-339AC4D1611B}.Debug|x64.Build.0 = Debug|Any CPU
		{A579E108-5445-403D-A407-339AC4D1611B}.Debug|x86.ActiveCfg = Debug|Any CPU
		{A579E108-5445-403D-A407-339AC4D1611B}.Debug|x86.Build.0 = Debug|Any CPU
		{A579E108-5445-403D-A407-339AC4D1611B}.Release|Any CPU.ActiveCfg = Release|Any CPU
		{A579E108-5445-403D-A407-339AC4D1611B}.Release|Any CPU.Build.0 = Release|Any CPU
		{A579E108-5445-403D-A407-339AC4D1611B}.Release|ARM.ActiveCfg = Release|Any CPU
		{A579E108-5445-403D-A407-339AC4D1611B}.Release|ARM.Build.0 = Release|Any CPU
		{A579E108-5445-403D-A407-339AC4D1611B}.Release|iPhone.ActiveCfg = Release|Any CPU
		{A579E108-5445-403D-A407-339AC4D1611B}.Release|iPhone.Build.0 = Release|Any CPU
		{A579E108-5445-403D-A407-339AC4D1611B}.Release|iPhoneSimulator.ActiveCfg = Release|Any CPU
		{A579E108-5445-403D-A407-339AC4D1611B}.Release|iPhoneSimulator.Build.0 = Release|Any CPU
		{A579E108-5445-403D-A407-339AC4D1611B}.Release|x64.ActiveCfg = Release|Any CPU
		{A579E108-5445-403D-A407-339AC4D1611B}.Release|x64.Build.0 = Release|Any CPU
		{A579E108-5445-403D-A407-339AC4D1611B}.Release|x86.ActiveCfg = Release|Any CPU
		{A579E108-5445-403D-A407-339AC4D1611B}.Release|x86.Build.0 = Release|Any CPU
		{15F4B3AA-89B6-4A0D-9051-414305974781}.Ad-Hoc|Any CPU.ActiveCfg = Debug|Any CPU
		{15F4B3AA-89B6-4A0D-9051-414305974781}.Ad-Hoc|Any CPU.Build.0 = Debug|Any CPU
		{15F4B3AA-89B6-4A0D-9051-414305974781}.Ad-Hoc|ARM.ActiveCfg = Debug|Any CPU
		{15F4B3AA-89B6-4A0D-9051-414305974781}.Ad-Hoc|ARM.Build.0 = Debug|Any CPU
		{15F4B3AA-89B6-4A0D-9051-414305974781}.Ad-Hoc|iPhone.ActiveCfg = Debug|Any CPU
		{15F4B3AA-89B6-4A0D-9051-414305974781}.Ad-Hoc|iPhone.Build.0 = Debug|Any CPU
		{15F4B3AA-89B6-4A0D-9051-414305974781}.Ad-Hoc|iPhoneSimulator.ActiveCfg = Debug|Any CPU
		{15F4B3AA-89B6-4A0D-9051-414305974781}.Ad-Hoc|iPhoneSimulator.Build.0 = Debug|Any CPU
		{15F4B3AA-89B6-4A0D-9051-414305974781}.Ad-Hoc|x64.ActiveCfg = Debug|Any CPU
		{15F4B3AA-89B6-4A0D-9051-414305974781}.Ad-Hoc|x64.Build.0 = Debug|Any CPU
		{15F4B3AA-89B6-4A0D-9051-414305974781}.Ad-Hoc|x86.ActiveCfg = Debug|Any CPU
		{15F4B3AA-89B6-4A0D-9051-414305974781}.Ad-Hoc|x86.Build.0 = Debug|Any CPU
		{15F4B3AA-89B6-4A0D-9051-414305974781}.AppStore|Any CPU.ActiveCfg = Debug|Any CPU
		{15F4B3AA-89B6-4A0D-9051-414305974781}.AppStore|Any CPU.Build.0 = Debug|Any CPU
		{15F4B3AA-89B6-4A0D-9051-414305974781}.AppStore|ARM.ActiveCfg = Debug|Any CPU
		{15F4B3AA-89B6-4A0D-9051-414305974781}.AppStore|ARM.Build.0 = Debug|Any CPU
		{15F4B3AA-89B6-4A0D-9051-414305974781}.AppStore|iPhone.ActiveCfg = Debug|Any CPU
		{15F4B3AA-89B6-4A0D-9051-414305974781}.AppStore|iPhone.Build.0 = Debug|Any CPU
		{15F4B3AA-89B6-4A0D-9051-414305974781}.AppStore|iPhoneSimulator.ActiveCfg = Debug|Any CPU
		{15F4B3AA-89B6-4A0D-9051-414305974781}.AppStore|iPhoneSimulator.Build.0 = Debug|Any CPU
		{15F4B3AA-89B6-4A0D-9051-414305974781}.AppStore|x64.ActiveCfg = Debug|Any CPU
		{15F4B3AA-89B6-4A0D-9051-414305974781}.AppStore|x64.Build.0 = Debug|Any CPU
		{15F4B3AA-89B6-4A0D-9051-414305974781}.AppStore|x86.ActiveCfg = Debug|Any CPU
		{15F4B3AA-89B6-4A0D-9051-414305974781}.AppStore|x86.Build.0 = Debug|Any CPU
		{15F4B3AA-89B6-4A0D-9051-414305974781}.Debug|Any CPU.ActiveCfg = Debug|Any CPU
		{15F4B3AA-89B6-4A0D-9051-414305974781}.Debug|Any CPU.Build.0 = Debug|Any CPU
		{15F4B3AA-89B6-4A0D-9051-414305974781}.Debug|ARM.ActiveCfg = Debug|Any CPU
		{15F4B3AA-89B6-4A0D-9051-414305974781}.Debug|ARM.Build.0 = Debug|Any CPU
		{15F4B3AA-89B6-4A0D-9051-414305974781}.Debug|iPhone.ActiveCfg = Debug|Any CPU
		{15F4B3AA-89B6-4A0D-9051-414305974781}.Debug|iPhone.Build.0 = Debug|Any CPU
		{15F4B3AA-89B6-4A0D-9051-414305974781}.Debug|iPhoneSimulator.ActiveCfg = Debug|Any CPU
		{15F4B3AA-89B6-4A0D-9051-414305974781}.Debug|iPhoneSimulator.Build.0 = Debug|Any CPU
		{15F4B3AA-89B6-4A0D-9051-414305974781}.Debug|x64.ActiveCfg = Debug|Any CPU
		{15F4B3AA-89B6-4A0D-9051-414305974781}.Debug|x64.Build.0 = Debug|Any CPU
		{15F4B3AA-89B6-4A0D-9051-414305974781}.Debug|x86.ActiveCfg = Debug|Any CPU
		{15F4B3AA-89B6-4A0D-9051-414305974781}.Debug|x86.Build.0 = Debug|Any CPU
		{15F4B3AA-89B6-4A0D-9051-414305974781}.Release|Any CPU.ActiveCfg = Release|Any CPU
		{15F4B3AA-89B6-4A0D-9051-414305974781}.Release|Any CPU.Build.0 = Release|Any CPU
		{15F4B3AA-89B6-4A0D-9051-414305974781}.Release|ARM.ActiveCfg = Release|Any CPU
		{15F4B3AA-89B6-4A0D-9051-414305974781}.Release|ARM.Build.0 = Release|Any CPU
		{15F4B3AA-89B6-4A0D-9051-414305974781}.Release|iPhone.ActiveCfg = Release|Any CPU
		{15F4B3AA-89B6-4A0D-9051-414305974781}.Release|iPhone.Build.0 = Release|Any CPU
		{15F4B3AA-89B6-4A0D-9051-414305974781}.Release|iPhoneSimulator.ActiveCfg = Release|Any CPU
		{15F4B3AA-89B6-4A0D-9051-414305974781}.Release|iPhoneSimulator.Build.0 = Release|Any CPU
		{15F4B3AA-89B6-4A0D-9051-414305974781}.Release|x64.ActiveCfg = Release|Any CPU
		{15F4B3AA-89B6-4A0D-9051-414305974781}.Release|x64.Build.0 = Release|Any CPU
		{15F4B3AA-89B6-4A0D-9051-414305974781}.Release|x86.ActiveCfg = Release|Any CPU
		{15F4B3AA-89B6-4A0D-9051-414305974781}.Release|x86.Build.0 = Release|Any CPU
		{AF0828DB-8BDD-411A-AEEF-B780FBB8D8C1}.Ad-Hoc|Any CPU.ActiveCfg = Debug|Any CPU
		{AF0828DB-8BDD-411A-AEEF-B780FBB8D8C1}.Ad-Hoc|Any CPU.Build.0 = Debug|Any CPU
		{AF0828DB-8BDD-411A-AEEF-B780FBB8D8C1}.Ad-Hoc|ARM.ActiveCfg = Debug|Any CPU
		{AF0828DB-8BDD-411A-AEEF-B780FBB8D8C1}.Ad-Hoc|ARM.Build.0 = Debug|Any CPU
		{AF0828DB-8BDD-411A-AEEF-B780FBB8D8C1}.Ad-Hoc|iPhone.ActiveCfg = Debug|Any CPU
		{AF0828DB-8BDD-411A-AEEF-B780FBB8D8C1}.Ad-Hoc|iPhone.Build.0 = Debug|Any CPU
		{AF0828DB-8BDD-411A-AEEF-B780FBB8D8C1}.Ad-Hoc|iPhoneSimulator.ActiveCfg = Debug|Any CPU
		{AF0828DB-8BDD-411A-AEEF-B780FBB8D8C1}.Ad-Hoc|iPhoneSimulator.Build.0 = Debug|Any CPU
		{AF0828DB-8BDD-411A-AEEF-B780FBB8D8C1}.Ad-Hoc|x64.ActiveCfg = Debug|Any CPU
		{AF0828DB-8BDD-411A-AEEF-B780FBB8D8C1}.Ad-Hoc|x64.Build.0 = Debug|Any CPU
		{AF0828DB-8BDD-411A-AEEF-B780FBB8D8C1}.Ad-Hoc|x86.ActiveCfg = Debug|Any CPU
		{AF0828DB-8BDD-411A-AEEF-B780FBB8D8C1}.Ad-Hoc|x86.Build.0 = Debug|Any CPU
		{AF0828DB-8BDD-411A-AEEF-B780FBB8D8C1}.AppStore|Any CPU.ActiveCfg = Debug|Any CPU
		{AF0828DB-8BDD-411A-AEEF-B780FBB8D8C1}.AppStore|Any CPU.Build.0 = Debug|Any CPU
		{AF0828DB-8BDD-411A-AEEF-B780FBB8D8C1}.AppStore|ARM.ActiveCfg = Debug|Any CPU
		{AF0828DB-8BDD-411A-AEEF-B780FBB8D8C1}.AppStore|ARM.Build.0 = Debug|Any CPU
		{AF0828DB-8BDD-411A-AEEF-B780FBB8D8C1}.AppStore|iPhone.ActiveCfg = Debug|Any CPU
		{AF0828DB-8BDD-411A-AEEF-B780FBB8D8C1}.AppStore|iPhone.Build.0 = Debug|Any CPU
		{AF0828DB-8BDD-411A-AEEF-B780FBB8D8C1}.AppStore|iPhoneSimulator.ActiveCfg = Debug|Any CPU
		{AF0828DB-8BDD-411A-AEEF-B780FBB8D8C1}.AppStore|iPhoneSimulator.Build.0 = Debug|Any CPU
		{AF0828DB-8BDD-411A-AEEF-B780FBB8D8C1}.AppStore|x64.ActiveCfg = Debug|Any CPU
		{AF0828DB-8BDD-411A-AEEF-B780FBB8D8C1}.AppStore|x64.Build.0 = Debug|Any CPU
		{AF0828DB-8BDD-411A-AEEF-B780FBB8D8C1}.AppStore|x86.ActiveCfg = Debug|Any CPU
		{AF0828DB-8BDD-411A-AEEF-B780FBB8D8C1}.AppStore|x86.Build.0 = Debug|Any CPU
		{AF0828DB-8BDD-411A-AEEF-B780FBB8D8C1}.Debug|Any CPU.ActiveCfg = Debug|Any CPU
		{AF0828DB-8BDD-411A-AEEF-B780FBB8D8C1}.Debug|Any CPU.Build.0 = Debug|Any CPU
		{AF0828DB-8BDD-411A-AEEF-B780FBB8D8C1}.Debug|ARM.ActiveCfg = Debug|Any CPU
		{AF0828DB-8BDD-411A-AEEF-B780FBB8D8C1}.Debug|ARM.Build.0 = Debug|Any CPU
		{AF0828DB-8BDD-411A-AEEF-B780FBB8D8C1}.Debug|iPhone.ActiveCfg = Debug|Any CPU
		{AF0828DB-8BDD-411A-AEEF-B780FBB8D8C1}.Debug|iPhone.Build.0 = Debug|Any CPU
		{AF0828DB-8BDD-411A-AEEF-B780FBB8D8C1}.Debug|iPhoneSimulator.ActiveCfg = Debug|Any CPU
		{AF0828DB-8BDD-411A-AEEF-B780FBB8D8C1}.Debug|iPhoneSimulator.Build.0 = Debug|Any CPU
		{AF0828DB-8BDD-411A-AEEF-B780FBB8D8C1}.Debug|x64.ActiveCfg = Debug|Any CPU
		{AF0828DB-8BDD-411A-AEEF-B780FBB8D8C1}.Debug|x64.Build.0 = Debug|Any CPU
		{AF0828DB-8BDD-411A-AEEF-B780FBB8D8C1}.Debug|x86.ActiveCfg = Debug|Any CPU
		{AF0828DB-8BDD-411A-AEEF-B780FBB8D8C1}.Debug|x86.Build.0 = Debug|Any CPU
		{AF0828DB-8BDD-411A-AEEF-B780FBB8D8C1}.Release|Any CPU.ActiveCfg = Release|Any CPU
		{AF0828DB-8BDD-411A-AEEF-B780FBB8D8C1}.Release|Any CPU.Build.0 = Release|Any CPU
		{AF0828DB-8BDD-411A-AEEF-B780FBB8D8C1}.Release|ARM.ActiveCfg = Release|Any CPU
		{AF0828DB-8BDD-411A-AEEF-B780FBB8D8C1}.Release|ARM.Build.0 = Release|Any CPU
		{AF0828DB-8BDD-411A-AEEF-B780FBB8D8C1}.Release|iPhone.ActiveCfg = Release|Any CPU
		{AF0828DB-8BDD-411A-AEEF-B780FBB8D8C1}.Release|iPhone.Build.0 = Release|Any CPU
		{AF0828DB-8BDD-411A-AEEF-B780FBB8D8C1}.Release|iPhoneSimulator.ActiveCfg = Release|Any CPU
		{AF0828DB-8BDD-411A-AEEF-B780FBB8D8C1}.Release|iPhoneSimulator.Build.0 = Release|Any CPU
		{AF0828DB-8BDD-411A-AEEF-B780FBB8D8C1}.Release|x64.ActiveCfg = Release|Any CPU
		{AF0828DB-8BDD-411A-AEEF-B780FBB8D8C1}.Release|x64.Build.0 = Release|Any CPU
		{AF0828DB-8BDD-411A-AEEF-B780FBB8D8C1}.Release|x86.ActiveCfg = Release|Any CPU
		{AF0828DB-8BDD-411A-AEEF-B780FBB8D8C1}.Release|x86.Build.0 = Release|Any CPU
		{9D9CE4E4-1DD0-4961-861F-219731DE06CE}.Ad-Hoc|Any CPU.ActiveCfg = Debug|Any CPU
		{9D9CE4E4-1DD0-4961-861F-219731DE06CE}.Ad-Hoc|Any CPU.Build.0 = Debug|Any CPU
		{9D9CE4E4-1DD0-4961-861F-219731DE06CE}.Ad-Hoc|ARM.ActiveCfg = Debug|Any CPU
		{9D9CE4E4-1DD0-4961-861F-219731DE06CE}.Ad-Hoc|ARM.Build.0 = Debug|Any CPU
		{9D9CE4E4-1DD0-4961-861F-219731DE06CE}.Ad-Hoc|iPhone.ActiveCfg = Debug|Any CPU
		{9D9CE4E4-1DD0-4961-861F-219731DE06CE}.Ad-Hoc|iPhone.Build.0 = Debug|Any CPU
		{9D9CE4E4-1DD0-4961-861F-219731DE06CE}.Ad-Hoc|iPhoneSimulator.ActiveCfg = Debug|Any CPU
		{9D9CE4E4-1DD0-4961-861F-219731DE06CE}.Ad-Hoc|iPhoneSimulator.Build.0 = Debug|Any CPU
		{9D9CE4E4-1DD0-4961-861F-219731DE06CE}.Ad-Hoc|x64.ActiveCfg = Debug|Any CPU
		{9D9CE4E4-1DD0-4961-861F-219731DE06CE}.Ad-Hoc|x64.Build.0 = Debug|Any CPU
		{9D9CE4E4-1DD0-4961-861F-219731DE06CE}.Ad-Hoc|x86.ActiveCfg = Debug|Any CPU
		{9D9CE4E4-1DD0-4961-861F-219731DE06CE}.Ad-Hoc|x86.Build.0 = Debug|Any CPU
		{9D9CE4E4-1DD0-4961-861F-219731DE06CE}.AppStore|Any CPU.ActiveCfg = Debug|Any CPU
		{9D9CE4E4-1DD0-4961-861F-219731DE06CE}.AppStore|Any CPU.Build.0 = Debug|Any CPU
		{9D9CE4E4-1DD0-4961-861F-219731DE06CE}.AppStore|ARM.ActiveCfg = Debug|Any CPU
		{9D9CE4E4-1DD0-4961-861F-219731DE06CE}.AppStore|ARM.Build.0 = Debug|Any CPU
		{9D9CE4E4-1DD0-4961-861F-219731DE06CE}.AppStore|iPhone.ActiveCfg = Debug|Any CPU
		{9D9CE4E4-1DD0-4961-861F-219731DE06CE}.AppStore|iPhone.Build.0 = Debug|Any CPU
		{9D9CE4E4-1DD0-4961-861F-219731DE06CE}.AppStore|iPhoneSimulator.ActiveCfg = Debug|Any CPU
		{9D9CE4E4-1DD0-4961-861F-219731DE06CE}.AppStore|iPhoneSimulator.Build.0 = Debug|Any CPU
		{9D9CE4E4-1DD0-4961-861F-219731DE06CE}.AppStore|x64.ActiveCfg = Debug|Any CPU
		{9D9CE4E4-1DD0-4961-861F-219731DE06CE}.AppStore|x64.Build.0 = Debug|Any CPU
		{9D9CE4E4-1DD0-4961-861F-219731DE06CE}.AppStore|x86.ActiveCfg = Debug|Any CPU
		{9D9CE4E4-1DD0-4961-861F-219731DE06CE}.AppStore|x86.Build.0 = Debug|Any CPU
		{9D9CE4E4-1DD0-4961-861F-219731DE06CE}.Debug|Any CPU.ActiveCfg = Debug|Any CPU
		{9D9CE4E4-1DD0-4961-861F-219731DE06CE}.Debug|Any CPU.Build.0 = Debug|Any CPU
		{9D9CE4E4-1DD0-4961-861F-219731DE06CE}.Debug|ARM.ActiveCfg = Debug|Any CPU
		{9D9CE4E4-1DD0-4961-861F-219731DE06CE}.Debug|ARM.Build.0 = Debug|Any CPU
		{9D9CE4E4-1DD0-4961-861F-219731DE06CE}.Debug|iPhone.ActiveCfg = Debug|Any CPU
		{9D9CE4E4-1DD0-4961-861F-219731DE06CE}.Debug|iPhone.Build.0 = Debug|Any CPU
		{9D9CE4E4-1DD0-4961-861F-219731DE06CE}.Debug|iPhoneSimulator.ActiveCfg = Debug|Any CPU
		{9D9CE4E4-1DD0-4961-861F-219731DE06CE}.Debug|iPhoneSimulator.Build.0 = Debug|Any CPU
		{9D9CE4E4-1DD0-4961-861F-219731DE06CE}.Debug|x64.ActiveCfg = Debug|Any CPU
		{9D9CE4E4-1DD0-4961-861F-219731DE06CE}.Debug|x64.Build.0 = Debug|Any CPU
		{9D9CE4E4-1DD0-4961-861F-219731DE06CE}.Debug|x86.ActiveCfg = Debug|Any CPU
		{9D9CE4E4-1DD0-4961-861F-219731DE06CE}.Debug|x86.Build.0 = Debug|Any CPU
		{9D9CE4E4-1DD0-4961-861F-219731DE06CE}.Release|Any CPU.ActiveCfg = Release|Any CPU
		{9D9CE4E4-1DD0-4961-861F-219731DE06CE}.Release|Any CPU.Build.0 = Release|Any CPU
		{9D9CE4E4-1DD0-4961-861F-219731DE06CE}.Release|ARM.ActiveCfg = Release|Any CPU
		{9D9CE4E4-1DD0-4961-861F-219731DE06CE}.Release|ARM.Build.0 = Release|Any CPU
		{9D9CE4E4-1DD0-4961-861F-219731DE06CE}.Release|iPhone.ActiveCfg = Release|Any CPU
		{9D9CE4E4-1DD0-4961-861F-219731DE06CE}.Release|iPhone.Build.0 = Release|Any CPU
		{9D9CE4E4-1DD0-4961-861F-219731DE06CE}.Release|iPhoneSimulator.ActiveCfg = Release|Any CPU
		{9D9CE4E4-1DD0-4961-861F-219731DE06CE}.Release|iPhoneSimulator.Build.0 = Release|Any CPU
		{9D9CE4E4-1DD0-4961-861F-219731DE06CE}.Release|x64.ActiveCfg = Release|Any CPU
		{9D9CE4E4-1DD0-4961-861F-219731DE06CE}.Release|x64.Build.0 = Release|Any CPU
		{9D9CE4E4-1DD0-4961-861F-219731DE06CE}.Release|x86.ActiveCfg = Release|Any CPU
		{9D9CE4E4-1DD0-4961-861F-219731DE06CE}.Release|x86.Build.0 = Release|Any CPU
		{3F6202D0-2842-4C2F-98E1-9462709EAFBE}.Ad-Hoc|Any CPU.ActiveCfg = Debug|Any CPU
		{3F6202D0-2842-4C2F-98E1-9462709EAFBE}.Ad-Hoc|Any CPU.Build.0 = Debug|Any CPU
		{3F6202D0-2842-4C2F-98E1-9462709EAFBE}.Ad-Hoc|ARM.ActiveCfg = Debug|Any CPU
		{3F6202D0-2842-4C2F-98E1-9462709EAFBE}.Ad-Hoc|ARM.Build.0 = Debug|Any CPU
		{3F6202D0-2842-4C2F-98E1-9462709EAFBE}.Ad-Hoc|iPhone.ActiveCfg = Debug|Any CPU
		{3F6202D0-2842-4C2F-98E1-9462709EAFBE}.Ad-Hoc|iPhone.Build.0 = Debug|Any CPU
		{3F6202D0-2842-4C2F-98E1-9462709EAFBE}.Ad-Hoc|iPhoneSimulator.ActiveCfg = Debug|Any CPU
		{3F6202D0-2842-4C2F-98E1-9462709EAFBE}.Ad-Hoc|iPhoneSimulator.Build.0 = Debug|Any CPU
		{3F6202D0-2842-4C2F-98E1-9462709EAFBE}.Ad-Hoc|x64.ActiveCfg = Debug|Any CPU
		{3F6202D0-2842-4C2F-98E1-9462709EAFBE}.Ad-Hoc|x64.Build.0 = Debug|Any CPU
		{3F6202D0-2842-4C2F-98E1-9462709EAFBE}.Ad-Hoc|x86.ActiveCfg = Debug|Any CPU
		{3F6202D0-2842-4C2F-98E1-9462709EAFBE}.Ad-Hoc|x86.Build.0 = Debug|Any CPU
		{3F6202D0-2842-4C2F-98E1-9462709EAFBE}.AppStore|Any CPU.ActiveCfg = Debug|Any CPU
		{3F6202D0-2842-4C2F-98E1-9462709EAFBE}.AppStore|Any CPU.Build.0 = Debug|Any CPU
		{3F6202D0-2842-4C2F-98E1-9462709EAFBE}.AppStore|ARM.ActiveCfg = Debug|Any CPU
		{3F6202D0-2842-4C2F-98E1-9462709EAFBE}.AppStore|ARM.Build.0 = Debug|Any CPU
		{3F6202D0-2842-4C2F-98E1-9462709EAFBE}.AppStore|iPhone.ActiveCfg = Debug|Any CPU
		{3F6202D0-2842-4C2F-98E1-9462709EAFBE}.AppStore|iPhone.Build.0 = Debug|Any CPU
		{3F6202D0-2842-4C2F-98E1-9462709EAFBE}.AppStore|iPhoneSimulator.ActiveCfg = Debug|Any CPU
		{3F6202D0-2842-4C2F-98E1-9462709EAFBE}.AppStore|iPhoneSimulator.Build.0 = Debug|Any CPU
		{3F6202D0-2842-4C2F-98E1-9462709EAFBE}.AppStore|x64.ActiveCfg = Debug|Any CPU
		{3F6202D0-2842-4C2F-98E1-9462709EAFBE}.AppStore|x64.Build.0 = Debug|Any CPU
		{3F6202D0-2842-4C2F-98E1-9462709EAFBE}.AppStore|x86.ActiveCfg = Debug|Any CPU
		{3F6202D0-2842-4C2F-98E1-9462709EAFBE}.AppStore|x86.Build.0 = Debug|Any CPU
		{3F6202D0-2842-4C2F-98E1-9462709EAFBE}.Debug|Any CPU.ActiveCfg = Debug|Any CPU
		{3F6202D0-2842-4C2F-98E1-9462709EAFBE}.Debug|Any CPU.Build.0 = Debug|Any CPU
		{3F6202D0-2842-4C2F-98E1-9462709EAFBE}.Debug|ARM.ActiveCfg = Debug|Any CPU
		{3F6202D0-2842-4C2F-98E1-9462709EAFBE}.Debug|ARM.Build.0 = Debug|Any CPU
		{3F6202D0-2842-4C2F-98E1-9462709EAFBE}.Debug|iPhone.ActiveCfg = Debug|Any CPU
		{3F6202D0-2842-4C2F-98E1-9462709EAFBE}.Debug|iPhone.Build.0 = Debug|Any CPU
		{3F6202D0-2842-4C2F-98E1-9462709EAFBE}.Debug|iPhoneSimulator.ActiveCfg = Debug|Any CPU
		{3F6202D0-2842-4C2F-98E1-9462709EAFBE}.Debug|iPhoneSimulator.Build.0 = Debug|Any CPU
		{3F6202D0-2842-4C2F-98E1-9462709EAFBE}.Debug|x64.ActiveCfg = Debug|Any CPU
		{3F6202D0-2842-4C2F-98E1-9462709EAFBE}.Debug|x64.Build.0 = Debug|Any CPU
		{3F6202D0-2842-4C2F-98E1-9462709EAFBE}.Debug|x86.ActiveCfg = Debug|Any CPU
		{3F6202D0-2842-4C2F-98E1-9462709EAFBE}.Debug|x86.Build.0 = Debug|Any CPU
		{3F6202D0-2842-4C2F-98E1-9462709EAFBE}.Release|Any CPU.ActiveCfg = Release|Any CPU
		{3F6202D0-2842-4C2F-98E1-9462709EAFBE}.Release|Any CPU.Build.0 = Release|Any CPU
		{3F6202D0-2842-4C2F-98E1-9462709EAFBE}.Release|ARM.ActiveCfg = Release|Any CPU
		{3F6202D0-2842-4C2F-98E1-9462709EAFBE}.Release|ARM.Build.0 = Release|Any CPU
		{3F6202D0-2842-4C2F-98E1-9462709EAFBE}.Release|iPhone.ActiveCfg = Release|Any CPU
		{3F6202D0-2842-4C2F-98E1-9462709EAFBE}.Release|iPhone.Build.0 = Release|Any CPU
		{3F6202D0-2842-4C2F-98E1-9462709EAFBE}.Release|iPhoneSimulator.ActiveCfg = Release|Any CPU
		{3F6202D0-2842-4C2F-98E1-9462709EAFBE}.Release|iPhoneSimulator.Build.0 = Release|Any CPU
		{3F6202D0-2842-4C2F-98E1-9462709EAFBE}.Release|x64.ActiveCfg = Release|Any CPU
		{3F6202D0-2842-4C2F-98E1-9462709EAFBE}.Release|x64.Build.0 = Release|Any CPU
		{3F6202D0-2842-4C2F-98E1-9462709EAFBE}.Release|x86.ActiveCfg = Release|Any CPU
		{3F6202D0-2842-4C2F-98E1-9462709EAFBE}.Release|x86.Build.0 = Release|Any CPU
		{CD430CE4-D5E0-4C96-84F5-AEC9162651B5}.Ad-Hoc|Any CPU.ActiveCfg = Debug|Any CPU
		{CD430CE4-D5E0-4C96-84F5-AEC9162651B5}.Ad-Hoc|Any CPU.Build.0 = Debug|Any CPU
		{CD430CE4-D5E0-4C96-84F5-AEC9162651B5}.Ad-Hoc|ARM.ActiveCfg = Debug|Any CPU
		{CD430CE4-D5E0-4C96-84F5-AEC9162651B5}.Ad-Hoc|ARM.Build.0 = Debug|Any CPU
		{CD430CE4-D5E0-4C96-84F5-AEC9162651B5}.Ad-Hoc|iPhone.ActiveCfg = Debug|Any CPU
		{CD430CE4-D5E0-4C96-84F5-AEC9162651B5}.Ad-Hoc|iPhone.Build.0 = Debug|Any CPU
		{CD430CE4-D5E0-4C96-84F5-AEC9162651B5}.Ad-Hoc|iPhoneSimulator.ActiveCfg = Debug|Any CPU
		{CD430CE4-D5E0-4C96-84F5-AEC9162651B5}.Ad-Hoc|iPhoneSimulator.Build.0 = Debug|Any CPU
		{CD430CE4-D5E0-4C96-84F5-AEC9162651B5}.Ad-Hoc|x64.ActiveCfg = Debug|Any CPU
		{CD430CE4-D5E0-4C96-84F5-AEC9162651B5}.Ad-Hoc|x64.Build.0 = Debug|Any CPU
		{CD430CE4-D5E0-4C96-84F5-AEC9162651B5}.Ad-Hoc|x86.ActiveCfg = Debug|Any CPU
		{CD430CE4-D5E0-4C96-84F5-AEC9162651B5}.Ad-Hoc|x86.Build.0 = Debug|Any CPU
		{CD430CE4-D5E0-4C96-84F5-AEC9162651B5}.AppStore|Any CPU.ActiveCfg = Debug|Any CPU
		{CD430CE4-D5E0-4C96-84F5-AEC9162651B5}.AppStore|Any CPU.Build.0 = Debug|Any CPU
		{CD430CE4-D5E0-4C96-84F5-AEC9162651B5}.AppStore|ARM.ActiveCfg = Debug|Any CPU
		{CD430CE4-D5E0-4C96-84F5-AEC9162651B5}.AppStore|ARM.Build.0 = Debug|Any CPU
		{CD430CE4-D5E0-4C96-84F5-AEC9162651B5}.AppStore|iPhone.ActiveCfg = Debug|Any CPU
		{CD430CE4-D5E0-4C96-84F5-AEC9162651B5}.AppStore|iPhone.Build.0 = Debug|Any CPU
		{CD430CE4-D5E0-4C96-84F5-AEC9162651B5}.AppStore|iPhoneSimulator.ActiveCfg = Debug|Any CPU
		{CD430CE4-D5E0-4C96-84F5-AEC9162651B5}.AppStore|iPhoneSimulator.Build.0 = Debug|Any CPU
		{CD430CE4-D5E0-4C96-84F5-AEC9162651B5}.AppStore|x64.ActiveCfg = Debug|Any CPU
		{CD430CE4-D5E0-4C96-84F5-AEC9162651B5}.AppStore|x64.Build.0 = Debug|Any CPU
		{CD430CE4-D5E0-4C96-84F5-AEC9162651B5}.AppStore|x86.ActiveCfg = Debug|Any CPU
		{CD430CE4-D5E0-4C96-84F5-AEC9162651B5}.AppStore|x86.Build.0 = Debug|Any CPU
		{CD430CE4-D5E0-4C96-84F5-AEC9162651B5}.Debug|Any CPU.ActiveCfg = Debug|Any CPU
		{CD430CE4-D5E0-4C96-84F5-AEC9162651B5}.Debug|Any CPU.Build.0 = Debug|Any CPU
		{CD430CE4-D5E0-4C96-84F5-AEC9162651B5}.Debug|ARM.ActiveCfg = Debug|Any CPU
		{CD430CE4-D5E0-4C96-84F5-AEC9162651B5}.Debug|ARM.Build.0 = Debug|Any CPU
		{CD430CE4-D5E0-4C96-84F5-AEC9162651B5}.Debug|iPhone.ActiveCfg = Debug|Any CPU
		{CD430CE4-D5E0-4C96-84F5-AEC9162651B5}.Debug|iPhone.Build.0 = Debug|Any CPU
		{CD430CE4-D5E0-4C96-84F5-AEC9162651B5}.Debug|iPhoneSimulator.ActiveCfg = Debug|Any CPU
		{CD430CE4-D5E0-4C96-84F5-AEC9162651B5}.Debug|iPhoneSimulator.Build.0 = Debug|Any CPU
		{CD430CE4-D5E0-4C96-84F5-AEC9162651B5}.Debug|x64.ActiveCfg = Debug|Any CPU
		{CD430CE4-D5E0-4C96-84F5-AEC9162651B5}.Debug|x64.Build.0 = Debug|Any CPU
		{CD430CE4-D5E0-4C96-84F5-AEC9162651B5}.Debug|x86.ActiveCfg = Debug|Any CPU
		{CD430CE4-D5E0-4C96-84F5-AEC9162651B5}.Debug|x86.Build.0 = Debug|Any CPU
		{CD430CE4-D5E0-4C96-84F5-AEC9162651B5}.Release|Any CPU.ActiveCfg = Release|Any CPU
		{CD430CE4-D5E0-4C96-84F5-AEC9162651B5}.Release|Any CPU.Build.0 = Release|Any CPU
		{CD430CE4-D5E0-4C96-84F5-AEC9162651B5}.Release|ARM.ActiveCfg = Release|Any CPU
		{CD430CE4-D5E0-4C96-84F5-AEC9162651B5}.Release|ARM.Build.0 = Release|Any CPU
		{CD430CE4-D5E0-4C96-84F5-AEC9162651B5}.Release|iPhone.ActiveCfg = Release|Any CPU
		{CD430CE4-D5E0-4C96-84F5-AEC9162651B5}.Release|iPhone.Build.0 = Release|Any CPU
		{CD430CE4-D5E0-4C96-84F5-AEC9162651B5}.Release|iPhoneSimulator.ActiveCfg = Release|Any CPU
		{CD430CE4-D5E0-4C96-84F5-AEC9162651B5}.Release|iPhoneSimulator.Build.0 = Release|Any CPU
		{CD430CE4-D5E0-4C96-84F5-AEC9162651B5}.Release|x64.ActiveCfg = Release|Any CPU
		{CD430CE4-D5E0-4C96-84F5-AEC9162651B5}.Release|x64.Build.0 = Release|Any CPU
		{CD430CE4-D5E0-4C96-84F5-AEC9162651B5}.Release|x86.ActiveCfg = Release|Any CPU
		{CD430CE4-D5E0-4C96-84F5-AEC9162651B5}.Release|x86.Build.0 = Release|Any CPU
		{FEA0C318-FFED-4D39-8781-265718CA43DD}.Ad-Hoc|Any CPU.ActiveCfg = Release|Any CPU
		{FEA0C318-FFED-4D39-8781-265718CA43DD}.Ad-Hoc|Any CPU.Build.0 = Release|Any CPU
		{FEA0C318-FFED-4D39-8781-265718CA43DD}.Ad-Hoc|ARM.ActiveCfg = Release|Any CPU
		{FEA0C318-FFED-4D39-8781-265718CA43DD}.Ad-Hoc|ARM.Build.0 = Release|Any CPU
		{FEA0C318-FFED-4D39-8781-265718CA43DD}.Ad-Hoc|iPhone.ActiveCfg = Release|Any CPU
		{FEA0C318-FFED-4D39-8781-265718CA43DD}.Ad-Hoc|iPhone.Build.0 = Release|Any CPU
		{FEA0C318-FFED-4D39-8781-265718CA43DD}.Ad-Hoc|iPhoneSimulator.ActiveCfg = Release|Any CPU
		{FEA0C318-FFED-4D39-8781-265718CA43DD}.Ad-Hoc|iPhoneSimulator.Build.0 = Release|Any CPU
		{FEA0C318-FFED-4D39-8781-265718CA43DD}.Ad-Hoc|x64.ActiveCfg = Release|Any CPU
		{FEA0C318-FFED-4D39-8781-265718CA43DD}.Ad-Hoc|x64.Build.0 = Release|Any CPU
		{FEA0C318-FFED-4D39-8781-265718CA43DD}.Ad-Hoc|x86.ActiveCfg = Release|Any CPU
		{FEA0C318-FFED-4D39-8781-265718CA43DD}.Ad-Hoc|x86.Build.0 = Release|Any CPU
		{FEA0C318-FFED-4D39-8781-265718CA43DD}.AppStore|Any CPU.ActiveCfg = Release|Any CPU
		{FEA0C318-FFED-4D39-8781-265718CA43DD}.AppStore|Any CPU.Build.0 = Release|Any CPU
		{FEA0C318-FFED-4D39-8781-265718CA43DD}.AppStore|ARM.ActiveCfg = Release|Any CPU
		{FEA0C318-FFED-4D39-8781-265718CA43DD}.AppStore|ARM.Build.0 = Release|Any CPU
		{FEA0C318-FFED-4D39-8781-265718CA43DD}.AppStore|iPhone.ActiveCfg = Release|Any CPU
		{FEA0C318-FFED-4D39-8781-265718CA43DD}.AppStore|iPhone.Build.0 = Release|Any CPU
		{FEA0C318-FFED-4D39-8781-265718CA43DD}.AppStore|iPhoneSimulator.ActiveCfg = Release|Any CPU
		{FEA0C318-FFED-4D39-8781-265718CA43DD}.AppStore|iPhoneSimulator.Build.0 = Release|Any CPU
		{FEA0C318-FFED-4D39-8781-265718CA43DD}.AppStore|x64.ActiveCfg = Release|Any CPU
		{FEA0C318-FFED-4D39-8781-265718CA43DD}.AppStore|x64.Build.0 = Release|Any CPU
		{FEA0C318-FFED-4D39-8781-265718CA43DD}.AppStore|x86.ActiveCfg = Release|Any CPU
		{FEA0C318-FFED-4D39-8781-265718CA43DD}.AppStore|x86.Build.0 = Release|Any CPU
		{FEA0C318-FFED-4D39-8781-265718CA43DD}.Debug|Any CPU.ActiveCfg = Debug|Any CPU
		{FEA0C318-FFED-4D39-8781-265718CA43DD}.Debug|Any CPU.Build.0 = Debug|Any CPU
		{FEA0C318-FFED-4D39-8781-265718CA43DD}.Debug|ARM.ActiveCfg = Debug|Any CPU
		{FEA0C318-FFED-4D39-8781-265718CA43DD}.Debug|ARM.Build.0 = Debug|Any CPU
		{FEA0C318-FFED-4D39-8781-265718CA43DD}.Debug|iPhone.ActiveCfg = Debug|Any CPU
		{FEA0C318-FFED-4D39-8781-265718CA43DD}.Debug|iPhone.Build.0 = Debug|Any CPU
		{FEA0C318-FFED-4D39-8781-265718CA43DD}.Debug|iPhoneSimulator.ActiveCfg = Debug|Any CPU
		{FEA0C318-FFED-4D39-8781-265718CA43DD}.Debug|iPhoneSimulator.Build.0 = Debug|Any CPU
		{FEA0C318-FFED-4D39-8781-265718CA43DD}.Debug|x64.ActiveCfg = Debug|Any CPU
		{FEA0C318-FFED-4D39-8781-265718CA43DD}.Debug|x64.Build.0 = Debug|Any CPU
		{FEA0C318-FFED-4D39-8781-265718CA43DD}.Debug|x86.ActiveCfg = Debug|Any CPU
		{FEA0C318-FFED-4D39-8781-265718CA43DD}.Debug|x86.Build.0 = Debug|Any CPU
		{FEA0C318-FFED-4D39-8781-265718CA43DD}.Release|Any CPU.ActiveCfg = Release|Any CPU
		{FEA0C318-FFED-4D39-8781-265718CA43DD}.Release|Any CPU.Build.0 = Release|Any CPU
		{FEA0C318-FFED-4D39-8781-265718CA43DD}.Release|ARM.ActiveCfg = Release|Any CPU
		{FEA0C318-FFED-4D39-8781-265718CA43DD}.Release|ARM.Build.0 = Release|Any CPU
		{FEA0C318-FFED-4D39-8781-265718CA43DD}.Release|iPhone.ActiveCfg = Release|Any CPU
		{FEA0C318-FFED-4D39-8781-265718CA43DD}.Release|iPhone.Build.0 = Release|Any CPU
		{FEA0C318-FFED-4D39-8781-265718CA43DD}.Release|iPhoneSimulator.ActiveCfg = Release|Any CPU
		{FEA0C318-FFED-4D39-8781-265718CA43DD}.Release|iPhoneSimulator.Build.0 = Release|Any CPU
		{FEA0C318-FFED-4D39-8781-265718CA43DD}.Release|x64.ActiveCfg = Release|Any CPU
		{FEA0C318-FFED-4D39-8781-265718CA43DD}.Release|x64.Build.0 = Release|Any CPU
		{FEA0C318-FFED-4D39-8781-265718CA43DD}.Release|x86.ActiveCfg = Release|Any CPU
		{FEA0C318-FFED-4D39-8781-265718CA43DD}.Release|x86.Build.0 = Release|Any CPU
	EndGlobalSection
	GlobalSection(SolutionProperties) = preSolution
		HideSolutionNode = FALSE
	EndGlobalSection
	GlobalSection(NestedProjects) = preSolution
		{91CF7717-08AB-4E65-B10E-0B426F01E2E8} = {932D8224-11F6-4D07-B109-DA28AD288A63}
		{E279BF0F-7F66-4F3A-A3AB-2CDA66C1CD04} = {932D8224-11F6-4D07-B109-DA28AD288A63}
		{326A7FB3-5295-468C-A4FE-67DCB823E1E5} = {91CF7717-08AB-4E65-B10E-0B426F01E2E8}
		{BF3EF4F3-E4F5-41DA-9D2D-57223687D1A8} = {91CF7717-08AB-4E65-B10E-0B426F01E2E8}
		{24CD3B53-141E-4A07-9B0D-796641E1CF78} = {91CF7717-08AB-4E65-B10E-0B426F01E2E8}
		{2110CBB0-3B38-4EE4-A743-DF6968D80D90} = {BF3EF4F3-E4F5-41DA-9D2D-57223687D1A8}
		{42681D9D-750A-4DF7-BD9F-9292CFD5C253} = {326A7FB3-5295-468C-A4FE-67DCB823E1E5}
		{F0333D8E-0B27-42B7-B2C6-78F3657624E2} = {E279BF0F-7F66-4F3A-A3AB-2CDA66C1CD04}
		{A579E108-5445-403D-A407-339AC4D1611B} = {24CD3B53-141E-4A07-9B0D-796641E1CF78}
		{DB0EFB20-B024-4E5E-A75C-52143C131D25} = {932D8224-11F6-4D07-B109-DA28AD288A63}
		{1815B651-941C-466B-AE33-D1D7EEB8F77F} = {DB0EFB20-B024-4E5E-A75C-52143C131D25}
		{15F4B3AA-89B6-4A0D-9051-414305974781} = {1815B651-941C-466B-AE33-D1D7EEB8F77F}
		{77849D35-37D4-4802-81DC-9477B2775A40} = {932D8224-11F6-4D07-B109-DA28AD288A63}
		{28C0F5C8-4849-4035-80AB-45639424E73F} = {77849D35-37D4-4802-81DC-9477B2775A40}
		{AF0828DB-8BDD-411A-AEEF-B780FBB8D8C1} = {28C0F5C8-4849-4035-80AB-45639424E73F}
		{9D9CE4E4-1DD0-4961-861F-219731DE06CE} = {2751AC5C-D148-4D7A-AE8F-149B47C9A82D}
		{3F6202D0-2842-4C2F-98E1-9462709EAFBE} = {2751AC5C-D148-4D7A-AE8F-149B47C9A82D}
		{2751AC5C-D148-4D7A-AE8F-149B47C9A82D} = {BF3EF4F3-E4F5-41DA-9D2D-57223687D1A8}
		{CD430CE4-D5E0-4C96-84F5-AEC9162651B5} = {42B85D0F-2ED6-4C00-91FA-103DACC3D5E2}
		{42B85D0F-2ED6-4C00-91FA-103DACC3D5E2} = {91CF7717-08AB-4E65-B10E-0B426F01E2E8}
	EndGlobalSection
	GlobalSection(ExtensibilityGlobals) = postSolution
		SolutionGuid = {25728519-5F0F-4973-8A64-0A81EB4EA8D9}
	EndGlobalSection
EndGlobal
